
Microsoft Visual Studio Solution File, Format Version 12.00
# Visual Studio Version 16
VisualStudioVersion = 16.0.30225.117
MinimumVisualStudioVersion = 10.0.40219.1
Project("{FAE04EC0-301F-11D3-BF4B-00C04F79EFBC}") = "ProcessingFieldAnalysis.ManagerAgent", "ProcessingFieldAnalysis.ManagerAgent\ProcessingFieldAnalysis.ManagerAgent.csproj", "{9BBFB2C2-DA53-4472-9B28-62457EA7BFE7}"
EndProject
Project("{FAE04EC0-301F-11D3-BF4B-00C04F79EFBC}") = "ProcessingFieldAnalysisKepler.Services", "ProcessingFieldAnalysisKepler\ProcessingFieldAnalysisKepler.Services\ProcessingFieldAnalysisKepler.Services.csproj", "{EC5C30E7-DF51-4D7D-B08E-6C9115408207}"
EndProject
Project("{FAE04EC0-301F-11D3-BF4B-00C04F79EFBC}") = "ProcessingFieldAnalysisKepler.Interfaces", "ProcessingFieldAnalysisKepler\ProcessingFieldAnalysisKepler.Interfaces\ProcessingFieldAnalysisKepler.Interfaces.csproj", "{47DFC9CE-BAD8-4AF7-B91C-66FDEFFB5A14}"
EndProject
Project("{FAE04EC0-301F-11D3-BF4B-00C04F79EFBC}") = "ProcessingFieldAnalysisListPageInteractionEventHandler", "ProcessingFieldAnalysisListPageInteractionEventHandler\ProcessingFieldAnalysisListPageInteractionEventHandler.csproj", "{3317BD60-DDF4-442E-85EC-63773F126DAF}"
EndProject
Global
	GlobalSection(SolutionConfigurationPlatforms) = preSolution
		Debug|Any CPU = Debug|Any CPU
		Release|Any CPU = Release|Any CPU
	EndGlobalSection
	GlobalSection(ProjectConfigurationPlatforms) = postSolution
		{9BBFB2C2-DA53-4472-9B28-62457EA7BFE7}.Debug|Any CPU.ActiveCfg = Debug|Any CPU
		{9BBFB2C2-DA53-4472-9B28-62457EA7BFE7}.Debug|Any CPU.Build.0 = Debug|Any CPU
		{9BBFB2C2-DA53-4472-9B28-62457EA7BFE7}.Release|Any CPU.ActiveCfg = Release|Any CPU
		{9BBFB2C2-DA53-4472-9B28-62457EA7BFE7}.Release|Any CPU.Build.0 = Release|Any CPU
		{EC5C30E7-DF51-4D7D-B08E-6C9115408207}.Debug|Any CPU.ActiveCfg = Debug|Any CPU
		{EC5C30E7-DF51-4D7D-B08E-6C9115408207}.Debug|Any CPU.Build.0 = Debug|Any CPU
		{EC5C30E7-DF51-4D7D-B08E-6C9115408207}.Release|Any CPU.ActiveCfg = Release|Any CPU
		{EC5C30E7-DF51-4D7D-B08E-6C9115408207}.Release|Any CPU.Build.0 = Release|Any CPU
		{47DFC9CE-BAD8-4AF7-B91C-66FDEFFB5A14}.Debug|Any CPU.ActiveCfg = Debug|Any CPU
		{47DFC9CE-BAD8-4AF7-B91C-66FDEFFB5A14}.Debug|Any CPU.Build.0 = Debug|Any CPU
		{47DFC9CE-BAD8-4AF7-B91C-66FDEFFB5A14}.Release|Any CPU.ActiveCfg = Release|Any CPU
		{47DFC9CE-BAD8-4AF7-B91C-66FDEFFB5A14}.Release|Any CPU.Build.0 = Release|Any CPU
		{3317BD60-DDF4-442E-85EC-63773F126DAF}.Debug|Any CPU.ActiveCfg = Debug|Any CPU
		{3317BD60-DDF4-442E-85EC-63773F126DAF}.Debug|Any CPU.Build.0 = Debug|Any CPU
		{3317BD60-DDF4-442E-85EC-63773F126DAF}.Release|Any CPU.ActiveCfg = Release|Any CPU
		{3317BD60-DDF4-442E-85EC-63773F126DAF}.Release|Any CPU.Build.0 = Release|Any CPU
	EndGlobalSection
	GlobalSection(SolutionProperties) = preSolution
		HideSolutionNode = FALSE
	EndGlobalSection
	GlobalSection(ExtensibilityGlobals) = postSolution
		SolutionGuid = {713B5290-5363-4913-9760-8A281BFC41A8}
	EndGlobalSection
EndGlobal
