
Microsoft Visual Studio Solution File, Format Version 12.00
# Visual Studio Version 16
VisualStudioVersion = 16.0.30225.117
MinimumVisualStudioVersion = 10.0.40219.1
Project("{FAE04EC0-301F-11D3-BF4B-00C04F79EFBC}") = "ProcessingFieldAnalysis.ManagerAgent", "ProcessingFieldAnalysis.ManagerAgent\ProcessingFieldAnalysis.ManagerAgent.csproj", "{9BBFB2C2-DA53-4472-9B28-62457EA7BFE7}"
EndProject
Project("{FAE04EC0-301F-11D3-BF4B-00C04F79EFBC}") = "ProcessingFieldAnalysisApi.Services", "ProcessingFieldAnalysis.KeplerApi\ProcessingFieldAnalysis.KeplerApi.Services\ProcessingFieldAnalysisApi.Services.csproj", "{E75E4754-6341-4334-85CD-095FC68AD934}"
EndProject
Project("{FAE04EC0-301F-11D3-BF4B-00C04F79EFBC}") = "ProcessingFieldAnalysisApi.Interfaces", "ProcessingFieldAnalysis.KeplerApi\ProcessingFieldAnalysis.KeplerApi.Interfaces\ProcessingFieldAnalysisApi.Interfaces.csproj", "{5E011BFF-6B8B-4B4A-9001-CB9578379DC3}"
EndProject
Global
	GlobalSection(SolutionConfigurationPlatforms) = preSolution
		Debug|Any CPU = Debug|Any CPU
		Release|Any CPU = Release|Any CPU
	EndGlobalSection
	GlobalSection(ProjectConfigurationPlatforms) = postSolution
		{9BBFB2C2-DA53-4472-9B28-62457EA7BFE7}.Debug|Any CPU.ActiveCfg = Debug|Any CPU
		{9BBFB2C2-DA53-4472-9B28-62457EA7BFE7}.Debug|Any CPU.Build.0 = Debug|Any CPU
		{9BBFB2C2-DA53-4472-9B28-62457EA7BFE7}.Release|Any CPU.ActiveCfg = Release|Any CPU
		{9BBFB2C2-DA53-4472-9B28-62457EA7BFE7}.Release|Any CPU.Build.0 = Release|Any CPU
		{E75E4754-6341-4334-85CD-095FC68AD934}.Debug|Any CPU.ActiveCfg = Debug|Any CPU
		{E75E4754-6341-4334-85CD-095FC68AD934}.Debug|Any CPU.Build.0 = Debug|Any CPU
		{E75E4754-6341-4334-85CD-095FC68AD934}.Release|Any CPU.ActiveCfg = Release|Any CPU
		{E75E4754-6341-4334-85CD-095FC68AD934}.Release|Any CPU.Build.0 = Release|Any CPU
		{5E011BFF-6B8B-4B4A-9001-CB9578379DC3}.Debug|Any CPU.ActiveCfg = Debug|Any CPU
		{5E011BFF-6B8B-4B4A-9001-CB9578379DC3}.Debug|Any CPU.Build.0 = Debug|Any CPU
		{5E011BFF-6B8B-4B4A-9001-CB9578379DC3}.Release|Any CPU.ActiveCfg = Release|Any CPU
		{5E011BFF-6B8B-4B4A-9001-CB9578379DC3}.Release|Any CPU.Build.0 = Release|Any CPU
	EndGlobalSection
	GlobalSection(SolutionProperties) = preSolution
		HideSolutionNode = FALSE
	EndGlobalSection
	GlobalSection(ExtensibilityGlobals) = postSolution
		SolutionGuid = {713B5290-5363-4913-9760-8A281BFC41A8}
	EndGlobalSection
EndGlobal
